// !$*UTF8*$!
{
	archiveVersion = 1;
	classes = {
	};
	objectVersion = 56;
	objects = {

/* Begin PBXBuildFile section */
		78055ECF2AED59630029D87F /* UserContentListViewModel.swift in Sources */ = {isa = PBXBuildFile; fileRef = 78055ECE2AED59630029D87F /* UserContentListViewModel.swift */; };
		78055ED12AED5C7C0029D87F /* Timestamp.swift in Sources */ = {isa = PBXBuildFile; fileRef = 78055ED02AED5C7C0029D87F /* Timestamp.swift */; };
		78055ED62AED63E90029D87F /* AudioPlayer.swift in Sources */ = {isa = PBXBuildFile; fileRef = 78055ED52AED63E90029D87F /* AudioPlayer.swift */; };
		78055ED82AED67140029D87F /* newThread.mp3 in Resources */ = {isa = PBXBuildFile; fileRef = 78055ED72AED67140029D87F /* newThread.mp3 */; };
		78055EDA2AED6D210029D87F /* refreshFeed.mp3 in Resources */ = {isa = PBXBuildFile; fileRef = 78055ED92AED6D210029D87F /* refreshFeed.mp3 */; };
		7813339F2AA35D6D00A03398 /* ThreadCell.swift in Sources */ = {isa = PBXBuildFile; fileRef = 7813339E2AA35D6D00A03398 /* ThreadCell.swift */; };
		781333A22AA3B69000A03398 /* ProfileImageView.swift in Sources */ = {isa = PBXBuildFile; fileRef = 781333A12AA3B69000A03398 /* ProfileImageView.swift */; };
		781333A42AA3B7F700A03398 /* UserCell.swift in Sources */ = {isa = PBXBuildFile; fileRef = 781333A32AA3B7F700A03398 /* UserCell.swift */; };
		781333A72AA3E19E00A03398 /* ProfileThreadFilter.swift in Sources */ = {isa = PBXBuildFile; fileRef = 781333A62AA3E19E00A03398 /* ProfileThreadFilter.swift */; };
		781333AB2AA4F1C500A03398 /* EditProfileView.swift in Sources */ = {isa = PBXBuildFile; fileRef = 781333AA2AA4F1C500A03398 /* EditProfileView.swift */; };
		781333AD2AA50FAE00A03398 /* GoogleService-Info.plist in Resources */ = {isa = PBXBuildFile; fileRef = 781333AC2AA50FAE00A03398 /* GoogleService-Info.plist */; };
		781333B02AA5105E00A03398 /* FirebaseAuth in Frameworks */ = {isa = PBXBuildFile; productRef = 781333AF2AA5105E00A03398 /* FirebaseAuth */; };
		781333B22AA5105E00A03398 /* FirebaseFirestore in Frameworks */ = {isa = PBXBuildFile; productRef = 781333B12AA5105E00A03398 /* FirebaseFirestore */; };
		781333B42AA5105E00A03398 /* FirebaseFirestoreSwift in Frameworks */ = {isa = PBXBuildFile; productRef = 781333B32AA5105E00A03398 /* FirebaseFirestoreSwift */; };
		781333B62AA5105E00A03398 /* FirebaseStorage in Frameworks */ = {isa = PBXBuildFile; productRef = 781333B52AA5105E00A03398 /* FirebaseStorage */; };
		781333BA2AA5255500A03398 /* RegistrationViewModel.swift in Sources */ = {isa = PBXBuildFile; fileRef = 781333B92AA5255500A03398 /* RegistrationViewModel.swift */; };
		781333BC2AA5262D00A03398 /* AuthService.swift in Sources */ = {isa = PBXBuildFile; fileRef = 781333BB2AA5262D00A03398 /* AuthService.swift */; };
		783B95432AF06F30003AC45C /* deleteThread.mp3 in Resources */ = {isa = PBXBuildFile; fileRef = 783B95422AF06F30003AC45C /* deleteThread.mp3 */; };
		788871D22AA237CB00266F28 /* ThreadsCloneApp.swift in Sources */ = {isa = PBXBuildFile; fileRef = 788871D12AA237CB00266F28 /* ThreadsCloneApp.swift */; };
		788871D42AA237CB00266F28 /* ContentView.swift in Sources */ = {isa = PBXBuildFile; fileRef = 788871D32AA237CB00266F28 /* ContentView.swift */; };
		788871D62AA237CC00266F28 /* Assets.xcassets in Resources */ = {isa = PBXBuildFile; fileRef = 788871D52AA237CC00266F28 /* Assets.xcassets */; };
		788871D92AA237CC00266F28 /* Preview Assets.xcassets in Resources */ = {isa = PBXBuildFile; fileRef = 788871D82AA237CC00266F28 /* Preview Assets.xcassets */; };
		788871EA2AA238BC00266F28 /* LoginView.swift in Sources */ = {isa = PBXBuildFile; fileRef = 788871E92AA238BC00266F28 /* LoginView.swift */; };
		788871EC2AA2413300266F28 /* RegistrationView.swift in Sources */ = {isa = PBXBuildFile; fileRef = 788871EB2AA2413300266F28 /* RegistrationView.swift */; };
		788871EF2AA242BD00266F28 /* ThreadsTextFieldModifier.swift in Sources */ = {isa = PBXBuildFile; fileRef = 788871EE2AA242BD00266F28 /* ThreadsTextFieldModifier.swift */; };
		788871F12AA2444A00266F28 /* ThreadsButtonModifier.swift in Sources */ = {isa = PBXBuildFile; fileRef = 788871F02AA2444A00266F28 /* ThreadsButtonModifier.swift */; };
		788871F42AA2783C00266F28 /* ThreadsTabView.swift in Sources */ = {isa = PBXBuildFile; fileRef = 788871F32AA2783C00266F28 /* ThreadsTabView.swift */; };
		788871F82AA27A1A00266F28 /* FeedView.swift in Sources */ = {isa = PBXBuildFile; fileRef = 788871F72AA27A1A00266F28 /* FeedView.swift */; };
		788871FC2AA27AAE00266F28 /* ExploreView.swift in Sources */ = {isa = PBXBuildFile; fileRef = 788871FB2AA27AAE00266F28 /* ExploreView.swift */; };
		788872002AA27AEC00266F28 /* CreateThreadView.swift in Sources */ = {isa = PBXBuildFile; fileRef = 788871FF2AA27AEC00266F28 /* CreateThreadView.swift */; };
		788872062AA27B5D00266F28 /* ActivityView.swift in Sources */ = {isa = PBXBuildFile; fileRef = 788872052AA27B5D00266F28 /* ActivityView.swift */; };
		7888720A2AA27B7B00266F28 /* ProfileView.swift in Sources */ = {isa = PBXBuildFile; fileRef = 788872092AA27B7B00266F28 /* ProfileView.swift */; };
		78984A422AB4B772009E699E /* CurrentUserProfileView.swift in Sources */ = {isa = PBXBuildFile; fileRef = 78984A412AB4B772009E699E /* CurrentUserProfileView.swift */; };
		78984A462AB5117A009E699E /* ProfileHeaderView.swift in Sources */ = {isa = PBXBuildFile; fileRef = 78984A452AB5117A009E699E /* ProfileHeaderView.swift */; };
		78984A482AB512FD009E699E /* UserContentListView.swift in Sources */ = {isa = PBXBuildFile; fileRef = 78984A472AB512FD009E699E /* UserContentListView.swift */; };
		7899383B2ADDCB6800FA1044 /* EditProfileViewModel.swift in Sources */ = {isa = PBXBuildFile; fileRef = 7899383A2ADDCB6800FA1044 /* EditProfileViewModel.swift */; };
		7899383D2ADDD91200FA1044 /* ImageUploader.swift in Sources */ = {isa = PBXBuildFile; fileRef = 7899383C2ADDD91200FA1044 /* ImageUploader.swift */; };
		78A9623F2AEC4D8C00888BE9 /* Kingfisher in Frameworks */ = {isa = PBXBuildFile; productRef = 78A9623E2AEC4D8C00888BE9 /* Kingfisher */; };
		78A962412AEC5DDB00888BE9 /* Thread.swift in Sources */ = {isa = PBXBuildFile; fileRef = 78A962402AEC5DDB00888BE9 /* Thread.swift */; };
		78A962462AEC5F1800888BE9 /* CreateThreadViewModel.swift in Sources */ = {isa = PBXBuildFile; fileRef = 78A962452AEC5F1800888BE9 /* CreateThreadViewModel.swift */; };
		78A962482AEC5F3D00888BE9 /* ThreadService.swift in Sources */ = {isa = PBXBuildFile; fileRef = 78A962472AEC5F3D00888BE9 /* ThreadService.swift */; };
		78A9624B2AEC6A8800888BE9 /* FeedViewModel.swift in Sources */ = {isa = PBXBuildFile; fileRef = 78A9624A2AEC6A8800888BE9 /* FeedViewModel.swift */; };
		78CF58C92AA5FE67009A46EC /* ContentViewModel.swift in Sources */ = {isa = PBXBuildFile; fileRef = 78CF58C82AA5FE67009A46EC /* ContentViewModel.swift */; };
		78CF58CB2AA6045A009A46EC /* LoginViewModel.swift in Sources */ = {isa = PBXBuildFile; fileRef = 78CF58CA2AA6045A009A46EC /* LoginViewModel.swift */; };
		78EDD2532AA6530400F9E76B /* User.swift in Sources */ = {isa = PBXBuildFile; fileRef = 78EDD2522AA6530400F9E76B /* User.swift */; };
		78EDD2552AA657B000F9E76B /* UserService.swift in Sources */ = {isa = PBXBuildFile; fileRef = 78EDD2542AA657B000F9E76B /* UserService.swift */; };
		78EDD2582AA658C700F9E76B /* CurrentUserProfileViewModel.swift in Sources */ = {isa = PBXBuildFile; fileRef = 78EDD2572AA658C700F9E76B /* CurrentUserProfileViewModel.swift */; };
		78EDD25D2AA7C03100F9E76B /* ExploreViewModel.swift in Sources */ = {isa = PBXBuildFile; fileRef = 78EDD25C2AA7C03100F9E76B /* ExploreViewModel.swift */; };
		78EDD25F2AA7C3B400F9E76B /* PreviewProvider.swift in Sources */ = {isa = PBXBuildFile; fileRef = 78EDD25E2AA7C3B400F9E76B /* PreviewProvider.swift */; };
/* End PBXBuildFile section */

/* Begin PBXFileReference section */
		78055ECE2AED59630029D87F /* UserContentListViewModel.swift */ = {isa = PBXFileReference; lastKnownFileType = sourcecode.swift; path = UserContentListViewModel.swift; sourceTree = "<group>"; };
		78055ED02AED5C7C0029D87F /* Timestamp.swift */ = {isa = PBXFileReference; lastKnownFileType = sourcecode.swift; path = Timestamp.swift; sourceTree = "<group>"; };
		78055ED52AED63E90029D87F /* AudioPlayer.swift */ = {isa = PBXFileReference; lastKnownFileType = sourcecode.swift; path = AudioPlayer.swift; sourceTree = "<group>"; };
		78055ED72AED67140029D87F /* newThread.mp3 */ = {isa = PBXFileReference; lastKnownFileType = audio.mp3; path = newThread.mp3; sourceTree = "<group>"; };
		78055ED92AED6D210029D87F /* refreshFeed.mp3 */ = {isa = PBXFileReference; lastKnownFileType = audio.mp3; path = refreshFeed.mp3; sourceTree = "<group>"; };
		7813339E2AA35D6D00A03398 /* ThreadCell.swift */ = {isa = PBXFileReference; lastKnownFileType = sourcecode.swift; path = ThreadCell.swift; sourceTree = "<group>"; };
		781333A12AA3B69000A03398 /* ProfileImageView.swift */ = {isa = PBXFileReference; lastKnownFileType = sourcecode.swift; path = ProfileImageView.swift; sourceTree = "<group>"; };
		781333A32AA3B7F700A03398 /* UserCell.swift */ = {isa = PBXFileReference; lastKnownFileType = sourcecode.swift; path = UserCell.swift; sourceTree = "<group>"; };
		781333A62AA3E19E00A03398 /* ProfileThreadFilter.swift */ = {isa = PBXFileReference; lastKnownFileType = sourcecode.swift; path = ProfileThreadFilter.swift; sourceTree = "<group>"; };
		781333AA2AA4F1C500A03398 /* EditProfileView.swift */ = {isa = PBXFileReference; lastKnownFileType = sourcecode.swift; path = EditProfileView.swift; sourceTree = "<group>"; };
		781333AC2AA50FAE00A03398 /* GoogleService-Info.plist */ = {isa = PBXFileReference; fileEncoding = 4; lastKnownFileType = text.plist.xml; path = "GoogleService-Info.plist"; sourceTree = "<group>"; };
		781333B92AA5255500A03398 /* RegistrationViewModel.swift */ = {isa = PBXFileReference; lastKnownFileType = sourcecode.swift; path = RegistrationViewModel.swift; sourceTree = "<group>"; };
		781333BB2AA5262D00A03398 /* AuthService.swift */ = {isa = PBXFileReference; lastKnownFileType = sourcecode.swift; path = AuthService.swift; sourceTree = "<group>"; };
		783B95422AF06F30003AC45C /* deleteThread.mp3 */ = {isa = PBXFileReference; lastKnownFileType = audio.mp3; path = deleteThread.mp3; sourceTree = "<group>"; };
		788871CE2AA237CB00266F28 /* ThreadsClone.app */ = {isa = PBXFileReference; explicitFileType = wrapper.application; includeInIndex = 0; path = ThreadsClone.app; sourceTree = BUILT_PRODUCTS_DIR; };
		788871D12AA237CB00266F28 /* ThreadsCloneApp.swift */ = {isa = PBXFileReference; lastKnownFileType = sourcecode.swift; path = ThreadsCloneApp.swift; sourceTree = "<group>"; };
		788871D32AA237CB00266F28 /* ContentView.swift */ = {isa = PBXFileReference; lastKnownFileType = sourcecode.swift; path = ContentView.swift; sourceTree = "<group>"; };
		788871D52AA237CC00266F28 /* Assets.xcassets */ = {isa = PBXFileReference; lastKnownFileType = folder.assetcatalog; path = Assets.xcassets; sourceTree = "<group>"; };
		788871D82AA237CC00266F28 /* Preview Assets.xcassets */ = {isa = PBXFileReference; lastKnownFileType = folder.assetcatalog; path = "Preview Assets.xcassets"; sourceTree = "<group>"; };
		788871E92AA238BC00266F28 /* LoginView.swift */ = {isa = PBXFileReference; lastKnownFileType = sourcecode.swift; path = LoginView.swift; sourceTree = "<group>"; };
		788871EB2AA2413300266F28 /* RegistrationView.swift */ = {isa = PBXFileReference; lastKnownFileType = sourcecode.swift; path = RegistrationView.swift; sourceTree = "<group>"; };
		788871EE2AA242BD00266F28 /* ThreadsTextFieldModifier.swift */ = {isa = PBXFileReference; lastKnownFileType = sourcecode.swift; path = ThreadsTextFieldModifier.swift; sourceTree = "<group>"; };
		788871F02AA2444A00266F28 /* ThreadsButtonModifier.swift */ = {isa = PBXFileReference; lastKnownFileType = sourcecode.swift; path = ThreadsButtonModifier.swift; sourceTree = "<group>"; };
		788871F32AA2783C00266F28 /* ThreadsTabView.swift */ = {isa = PBXFileReference; lastKnownFileType = sourcecode.swift; path = ThreadsTabView.swift; sourceTree = "<group>"; };
		788871F72AA27A1A00266F28 /* FeedView.swift */ = {isa = PBXFileReference; lastKnownFileType = sourcecode.swift; path = FeedView.swift; sourceTree = "<group>"; };
		788871FB2AA27AAE00266F28 /* ExploreView.swift */ = {isa = PBXFileReference; lastKnownFileType = sourcecode.swift; path = ExploreView.swift; sourceTree = "<group>"; };
		788871FF2AA27AEC00266F28 /* CreateThreadView.swift */ = {isa = PBXFileReference; lastKnownFileType = sourcecode.swift; path = CreateThreadView.swift; sourceTree = "<group>"; };
		788872052AA27B5D00266F28 /* ActivityView.swift */ = {isa = PBXFileReference; lastKnownFileType = sourcecode.swift; path = ActivityView.swift; sourceTree = "<group>"; };
		788872092AA27B7B00266F28 /* ProfileView.swift */ = {isa = PBXFileReference; lastKnownFileType = sourcecode.swift; path = ProfileView.swift; sourceTree = "<group>"; };
		78984A412AB4B772009E699E /* CurrentUserProfileView.swift */ = {isa = PBXFileReference; lastKnownFileType = sourcecode.swift; path = CurrentUserProfileView.swift; sourceTree = "<group>"; };
		78984A452AB5117A009E699E /* ProfileHeaderView.swift */ = {isa = PBXFileReference; lastKnownFileType = sourcecode.swift; path = ProfileHeaderView.swift; sourceTree = "<group>"; };
		78984A472AB512FD009E699E /* UserContentListView.swift */ = {isa = PBXFileReference; lastKnownFileType = sourcecode.swift; path = UserContentListView.swift; sourceTree = "<group>"; };
		7899383A2ADDCB6800FA1044 /* EditProfileViewModel.swift */ = {isa = PBXFileReference; lastKnownFileType = sourcecode.swift; path = EditProfileViewModel.swift; sourceTree = "<group>"; };
		7899383C2ADDD91200FA1044 /* ImageUploader.swift */ = {isa = PBXFileReference; lastKnownFileType = sourcecode.swift; path = ImageUploader.swift; sourceTree = "<group>"; };
		78A962402AEC5DDB00888BE9 /* Thread.swift */ = {isa = PBXFileReference; lastKnownFileType = sourcecode.swift; path = Thread.swift; sourceTree = "<group>"; };
		78A962452AEC5F1800888BE9 /* CreateThreadViewModel.swift */ = {isa = PBXFileReference; lastKnownFileType = sourcecode.swift; path = CreateThreadViewModel.swift; sourceTree = "<group>"; };
		78A962472AEC5F3D00888BE9 /* ThreadService.swift */ = {isa = PBXFileReference; lastKnownFileType = sourcecode.swift; path = ThreadService.swift; sourceTree = "<group>"; };
		78A9624A2AEC6A8800888BE9 /* FeedViewModel.swift */ = {isa = PBXFileReference; lastKnownFileType = sourcecode.swift; path = FeedViewModel.swift; sourceTree = "<group>"; };
		78CF58C82AA5FE67009A46EC /* ContentViewModel.swift */ = {isa = PBXFileReference; lastKnownFileType = sourcecode.swift; path = ContentViewModel.swift; sourceTree = "<group>"; };
		78CF58CA2AA6045A009A46EC /* LoginViewModel.swift */ = {isa = PBXFileReference; lastKnownFileType = sourcecode.swift; path = LoginViewModel.swift; sourceTree = "<group>"; };
		78EDD2522AA6530400F9E76B /* User.swift */ = {isa = PBXFileReference; lastKnownFileType = sourcecode.swift; path = User.swift; sourceTree = "<group>"; };
		78EDD2542AA657B000F9E76B /* UserService.swift */ = {isa = PBXFileReference; lastKnownFileType = sourcecode.swift; path = UserService.swift; sourceTree = "<group>"; };
		78EDD2572AA658C700F9E76B /* CurrentUserProfileViewModel.swift */ = {isa = PBXFileReference; lastKnownFileType = sourcecode.swift; path = CurrentUserProfileViewModel.swift; sourceTree = "<group>"; };
		78EDD25C2AA7C03100F9E76B /* ExploreViewModel.swift */ = {isa = PBXFileReference; lastKnownFileType = sourcecode.swift; path = ExploreViewModel.swift; sourceTree = "<group>"; };
		78EDD25E2AA7C3B400F9E76B /* PreviewProvider.swift */ = {isa = PBXFileReference; lastKnownFileType = sourcecode.swift; path = PreviewProvider.swift; sourceTree = "<group>"; };
/* End PBXFileReference section */

/* Begin PBXFrameworksBuildPhase section */
		788871CB2AA237CB00266F28 /* Frameworks */ = {
			isa = PBXFrameworksBuildPhase;
			buildActionMask = 2147483647;
			files = (
				781333B02AA5105E00A03398 /* FirebaseAuth in Frameworks */,
				781333B62AA5105E00A03398 /* FirebaseStorage in Frameworks */,
				781333B22AA5105E00A03398 /* FirebaseFirestore in Frameworks */,
				781333B42AA5105E00A03398 /* FirebaseFirestoreSwift in Frameworks */,
				78A9623F2AEC4D8C00888BE9 /* Kingfisher in Frameworks */,
			);
			runOnlyForDeploymentPostprocessing = 0;
		};
/* End PBXFrameworksBuildPhase section */

/* Begin PBXGroup section */
		78055ECA2AED59120029D87F /* View */ = {
			isa = PBXGroup;
			children = (
				78984A452AB5117A009E699E /* ProfileHeaderView.swift */,
				78984A472AB512FD009E699E /* UserContentListView.swift */,
			);
			path = View;
			sourceTree = "<group>";
		};
		78055ECB2AED591B0029D87F /* ViewModels */ = {
			isa = PBXGroup;
			children = (
				78055ECE2AED59630029D87F /* UserContentListViewModel.swift */,
			);
			path = ViewModels;
			sourceTree = "<group>";
		};
		78055ED22AED63460029D87F /* Sounds */ = {
			isa = PBXGroup;
			children = (
				783B95422AF06F30003AC45C /* deleteThread.mp3 */,
				78055ED92AED6D210029D87F /* refreshFeed.mp3 */,
				78055ED72AED67140029D87F /* newThread.mp3 */,
			);
			path = Sounds;
			sourceTree = "<group>";
		};
		781333A02AA3B67600A03398 /* Components */ = {
			isa = PBXGroup;
			children = (
				781333A12AA3B69000A03398 /* ProfileImageView.swift */,
				781333A32AA3B7F700A03398 /* UserCell.swift */,
				7813339E2AA35D6D00A03398 /* ThreadCell.swift */,
			);
			path = Components;
			sourceTree = "<group>";
		};
		781333A52AA3E19300A03398 /* Model */ = {
			isa = PBXGroup;
			children = (
				781333A62AA3E19E00A03398 /* ProfileThreadFilter.swift */,
			);
			path = Model;
			sourceTree = "<group>";
		};
		781333A82AA4F1A200A03398 /* EditProfile */ = {
			isa = PBXGroup;
			children = (
				789938392ADDCB4600FA1044 /* ViewModel */,
				781333A92AA4F1B400A03398 /* View */,
			);
			path = EditProfile;
			sourceTree = "<group>";
		};
		781333A92AA4F1B400A03398 /* View */ = {
			isa = PBXGroup;
			children = (
				781333AA2AA4F1C500A03398 /* EditProfileView.swift */,
			);
			path = View;
			sourceTree = "<group>";
		};
		781333B72AA5252C00A03398 /* ViewModel */ = {
			isa = PBXGroup;
			children = (
				781333B92AA5255500A03398 /* RegistrationViewModel.swift */,
				78CF58CA2AA6045A009A46EC /* LoginViewModel.swift */,
			);
			path = ViewModel;
			sourceTree = "<group>";
		};
		781333B82AA5253800A03398 /* Service */ = {
			isa = PBXGroup;
			children = (
				781333BB2AA5262D00A03398 /* AuthService.swift */,
			);
			path = Service;
			sourceTree = "<group>";
		};
		788871C52AA237CB00266F28 = {
			isa = PBXGroup;
			children = (
				788871D02AA237CB00266F28 /* ThreadsClone */,
				788871CF2AA237CB00266F28 /* Products */,
			);
			sourceTree = "<group>";
		};
		788871CF2AA237CB00266F28 /* Products */ = {
			isa = PBXGroup;
			children = (
				788871CE2AA237CB00266F28 /* ThreadsClone.app */,
			);
			name = Products;
			sourceTree = "<group>";
		};
		788871D02AA237CB00266F28 /* ThreadsClone */ = {
			isa = PBXGroup;
			children = (
				78055ED22AED63460029D87F /* Sounds */,
				788871E52AA2386100266F28 /* App */,
				788871E42AA2385F00266F28 /* Core */,
				788871E32AA2385D00266F28 /* Extensions */,
				788871E22AA2385C00266F28 /* Model */,
				788871E02AA2385900266F28 /* Services */,
				788871DF2AA2384700266F28 /* Utilities */,
				781333AC2AA50FAE00A03398 /* GoogleService-Info.plist */,
				788871D52AA237CC00266F28 /* Assets.xcassets */,
				788871D72AA237CC00266F28 /* Preview Content */,
			);
			path = ThreadsClone;
			sourceTree = "<group>";
		};
		788871D72AA237CC00266F28 /* Preview Content */ = {
			isa = PBXGroup;
			children = (
				788871D82AA237CC00266F28 /* Preview Assets.xcassets */,
			);
			path = "Preview Content";
			sourceTree = "<group>";
		};
		788871DF2AA2384700266F28 /* Utilities */ = {
			isa = PBXGroup;
			children = (
				788871ED2AA242A800266F28 /* ViewModifiers */,
			);
			path = Utilities;
			sourceTree = "<group>";
		};
		788871E02AA2385900266F28 /* Services */ = {
			isa = PBXGroup;
			children = (
				78EDD2542AA657B000F9E76B /* UserService.swift */,
				7899383C2ADDD91200FA1044 /* ImageUploader.swift */,
				78A962472AEC5F3D00888BE9 /* ThreadService.swift */,
			);
			path = Services;
			sourceTree = "<group>";
		};
		788871E22AA2385C00266F28 /* Model */ = {
			isa = PBXGroup;
			children = (
				78EDD2522AA6530400F9E76B /* User.swift */,
				78A962402AEC5DDB00888BE9 /* Thread.swift */,
			);
			path = Model;
			sourceTree = "<group>";
		};
		788871E32AA2385D00266F28 /* Extensions */ = {
			isa = PBXGroup;
			children = (
				78EDD25E2AA7C3B400F9E76B /* PreviewProvider.swift */,
				78055ED02AED5C7C0029D87F /* Timestamp.swift */,
				78055ED52AED63E90029D87F /* AudioPlayer.swift */,
			);
			path = Extensions;
			sourceTree = "<group>";
		};
		788871E42AA2385F00266F28 /* Core */ = {
			isa = PBXGroup;
			children = (
				788872012AA27B3B00266F28 /* Activity */,
				788871E72AA2388D00266F28 /* Authentication */,
				781333A02AA3B67600A03398 /* Components */,
				788871F92AA27A9B00266F28 /* Explore */,
				788871F52AA27A0600266F28 /* Feed */,
				788872072AA27B6B00266F28 /* Profile */,
				788871E62AA2388B00266F28 /* Root */,
				78CF58C72AA5FE41009A46EC /* ViewModel */,
				788871FD2AA27ACD00266F28 /* ThreadCreation */,
				788871F22AA277BF00266F28 /* TabBar */,
			);
			path = Core;
			sourceTree = "<group>";
		};
		788871E52AA2386100266F28 /* App */ = {
			isa = PBXGroup;
			children = (
				788871D12AA237CB00266F28 /* ThreadsCloneApp.swift */,
			);
			path = App;
			sourceTree = "<group>";
		};
		788871E62AA2388B00266F28 /* Root */ = {
			isa = PBXGroup;
			children = (
				78CF58C62AA5FE3D009A46EC /* View */,
			);
			path = Root;
			sourceTree = "<group>";
		};
		788871E72AA2388D00266F28 /* Authentication */ = {
			isa = PBXGroup;
			children = (
				781333B82AA5253800A03398 /* Service */,
				788871E82AA238A800266F28 /* Views */,
				781333B72AA5252C00A03398 /* ViewModel */,
			);
			path = Authentication;
			sourceTree = "<group>";
		};
		788871E82AA238A800266F28 /* Views */ = {
			isa = PBXGroup;
			children = (
				788871E92AA238BC00266F28 /* LoginView.swift */,
				788871EB2AA2413300266F28 /* RegistrationView.swift */,
			);
			path = Views;
			sourceTree = "<group>";
		};
		788871ED2AA242A800266F28 /* ViewModifiers */ = {
			isa = PBXGroup;
			children = (
				788871EE2AA242BD00266F28 /* ThreadsTextFieldModifier.swift */,
				788871F02AA2444A00266F28 /* ThreadsButtonModifier.swift */,
			);
			path = ViewModifiers;
			sourceTree = "<group>";
		};
		788871F22AA277BF00266F28 /* TabBar */ = {
			isa = PBXGroup;
			children = (
				788871F32AA2783C00266F28 /* ThreadsTabView.swift */,
			);
			path = TabBar;
			sourceTree = "<group>";
		};
		788871F52AA27A0600266F28 /* Feed */ = {
			isa = PBXGroup;
			children = (
				78A962492AEC6A7A00888BE9 /* ViewModel */,
				788871F62AA27A0E00266F28 /* View */,
			);
			path = Feed;
			sourceTree = "<group>";
		};
		788871F62AA27A0E00266F28 /* View */ = {
			isa = PBXGroup;
			children = (
				788871F72AA27A1A00266F28 /* FeedView.swift */,
			);
			path = View;
			sourceTree = "<group>";
		};
		788871F92AA27A9B00266F28 /* Explore */ = {
			isa = PBXGroup;
			children = (
				78EDD2592AA7C00B00F9E76B /* ViewModel */,
				788871FA2AA27AA200266F28 /* View */,
			);
			path = Explore;
			sourceTree = "<group>";
		};
		788871FA2AA27AA200266F28 /* View */ = {
			isa = PBXGroup;
			children = (
				788871FB2AA27AAE00266F28 /* ExploreView.swift */,
			);
			path = View;
			sourceTree = "<group>";
		};
		788871FD2AA27ACD00266F28 /* ThreadCreation */ = {
			isa = PBXGroup;
			children = (
				78A962422AEC5EEE00888BE9 /* ViewModel */,
				788871FE2AA27ADA00266F28 /* View */,
			);
			path = ThreadCreation;
			sourceTree = "<group>";
		};
		788871FE2AA27ADA00266F28 /* View */ = {
			isa = PBXGroup;
			children = (
				788871FF2AA27AEC00266F28 /* CreateThreadView.swift */,
			);
			path = View;
			sourceTree = "<group>";
		};
		788872012AA27B3B00266F28 /* Activity */ = {
			isa = PBXGroup;
			children = (
				788872042AA27B5000266F28 /* View */,
			);
			path = Activity;
			sourceTree = "<group>";
		};
		788872042AA27B5000266F28 /* View */ = {
			isa = PBXGroup;
			children = (
				788872052AA27B5D00266F28 /* ActivityView.swift */,
			);
			path = View;
			sourceTree = "<group>";
		};
		788872072AA27B6B00266F28 /* Profile */ = {
			isa = PBXGroup;
			children = (
				78984A442AB51164009E699E /* Components */,
				78984A3F2AB4B74A009E699E /* CurrentUserProfile */,
				781333A82AA4F1A200A03398 /* EditProfile */,
				781333A52AA3E19300A03398 /* Model */,
				788872082AA27B7300266F28 /* UserProfile */,
			);
			path = Profile;
			sourceTree = "<group>";
		};
		788872082AA27B7300266F28 /* UserProfile */ = {
			isa = PBXGroup;
			children = (
				788872092AA27B7B00266F28 /* ProfileView.swift */,
			);
			path = UserProfile;
			sourceTree = "<group>";
		};
		78984A3F2AB4B74A009E699E /* CurrentUserProfile */ = {
			isa = PBXGroup;
			children = (
				78984A432AB4B80B009E699E /* ViewModel */,
				78984A402AB4B75F009E699E /* View */,
			);
			path = CurrentUserProfile;
			sourceTree = "<group>";
		};
		78984A402AB4B75F009E699E /* View */ = {
			isa = PBXGroup;
			children = (
				78984A412AB4B772009E699E /* CurrentUserProfileView.swift */,
			);
			path = View;
			sourceTree = "<group>";
		};
		78984A432AB4B80B009E699E /* ViewModel */ = {
			isa = PBXGroup;
			children = (
				78EDD2572AA658C700F9E76B /* CurrentUserProfileViewModel.swift */,
			);
			path = ViewModel;
			sourceTree = "<group>";
		};
		78984A442AB51164009E699E /* Components */ = {
			isa = PBXGroup;
			children = (
				78055ECB2AED591B0029D87F /* ViewModels */,
				78055ECA2AED59120029D87F /* View */,
			);
			path = Components;
			sourceTree = "<group>";
		};
		789938392ADDCB4600FA1044 /* ViewModel */ = {
			isa = PBXGroup;
			children = (
				7899383A2ADDCB6800FA1044 /* EditProfileViewModel.swift */,
			);
			path = ViewModel;
			sourceTree = "<group>";
		};
		78A962422AEC5EEE00888BE9 /* ViewModel */ = {
			isa = PBXGroup;
			children = (
				78A962452AEC5F1800888BE9 /* CreateThreadViewModel.swift */,
			);
			path = ViewModel;
			sourceTree = "<group>";
		};
		78A962492AEC6A7A00888BE9 /* ViewModel */ = {
			isa = PBXGroup;
			children = (
				78A9624A2AEC6A8800888BE9 /* FeedViewModel.swift */,
			);
			path = ViewModel;
			sourceTree = "<group>";
		};
		78CF58C62AA5FE3D009A46EC /* View */ = {
			isa = PBXGroup;
			children = (
				788871D32AA237CB00266F28 /* ContentView.swift */,
			);
			path = View;
			sourceTree = "<group>";
		};
		78CF58C72AA5FE41009A46EC /* ViewModel */ = {
			isa = PBXGroup;
			children = (
				78CF58C82AA5FE67009A46EC /* ContentViewModel.swift */,
			);
			path = ViewModel;
			sourceTree = "<group>";
		};
		78EDD2592AA7C00B00F9E76B /* ViewModel */ = {
			isa = PBXGroup;
			children = (
				78EDD25C2AA7C03100F9E76B /* ExploreViewModel.swift */,
			);
			path = ViewModel;
			sourceTree = "<group>";
		};
/* End PBXGroup section */

/* Begin PBXNativeTarget section */
		788871CD2AA237CB00266F28 /* ThreadsClone */ = {
			isa = PBXNativeTarget;
			buildConfigurationList = 788871DC2AA237CC00266F28 /* Build configuration list for PBXNativeTarget "ThreadsClone" */;
			buildPhases = (
				788871CA2AA237CB00266F28 /* Sources */,
				788871CB2AA237CB00266F28 /* Frameworks */,
				788871CC2AA237CB00266F28 /* Resources */,
			);
			buildRules = (
			);
			dependencies = (
			);
			name = ThreadsClone;
			packageProductDependencies = (
				781333AF2AA5105E00A03398 /* FirebaseAuth */,
				781333B12AA5105E00A03398 /* FirebaseFirestore */,
				781333B32AA5105E00A03398 /* FirebaseFirestoreSwift */,
				781333B52AA5105E00A03398 /* FirebaseStorage */,
				78A9623E2AEC4D8C00888BE9 /* Kingfisher */,
			);
			productName = ThreadsClone;
			productReference = 788871CE2AA237CB00266F28 /* ThreadsClone.app */;
			productType = "com.apple.product-type.application";
		};
/* End PBXNativeTarget section */

/* Begin PBXProject section */
		788871C62AA237CB00266F28 /* Project object */ = {
			isa = PBXProject;
			attributes = {
				BuildIndependentTargetsInParallel = 1;
				LastSwiftUpdateCheck = 1430;
				LastUpgradeCheck = 1430;
				TargetAttributes = {
					788871CD2AA237CB00266F28 = {
						CreatedOnToolsVersion = 14.3.1;
					};
				};
			};
			buildConfigurationList = 788871C92AA237CB00266F28 /* Build configuration list for PBXProject "ThreadsClone" */;
			compatibilityVersion = "Xcode 14.0";
			developmentRegion = en;
			hasScannedForEncodings = 0;
			knownRegions = (
				en,
				Base,
			);
			mainGroup = 788871C52AA237CB00266F28;
			packageReferences = (
				781333AE2AA5105E00A03398 /* XCRemoteSwiftPackageReference "firebase-ios-sdk" */,
				78A9623D2AEC4D8C00888BE9 /* XCRemoteSwiftPackageReference "Kingfisher" */,
			);
			productRefGroup = 788871CF2AA237CB00266F28 /* Products */;
			projectDirPath = "";
			projectRoot = "";
			targets = (
				788871CD2AA237CB00266F28 /* ThreadsClone */,
			);
		};
/* End PBXProject section */

/* Begin PBXResourcesBuildPhase section */
		788871CC2AA237CB00266F28 /* Resources */ = {
			isa = PBXResourcesBuildPhase;
			buildActionMask = 2147483647;
			files = (
				788871D92AA237CC00266F28 /* Preview Assets.xcassets in Resources */,
				783B95432AF06F30003AC45C /* deleteThread.mp3 in Resources */,
				78055ED82AED67140029D87F /* newThread.mp3 in Resources */,
				788871D62AA237CC00266F28 /* Assets.xcassets in Resources */,
				781333AD2AA50FAE00A03398 /* GoogleService-Info.plist in Resources */,
				78055EDA2AED6D210029D87F /* refreshFeed.mp3 in Resources */,
			);
			runOnlyForDeploymentPostprocessing = 0;
		};
/* End PBXResourcesBuildPhase section */

/* Begin PBXSourcesBuildPhase section */
		788871CA2AA237CB00266F28 /* Sources */ = {
			isa = PBXSourcesBuildPhase;
			buildActionMask = 2147483647;
			files = (
				78A9624B2AEC6A8800888BE9 /* FeedViewModel.swift in Sources */,
				788872062AA27B5D00266F28 /* ActivityView.swift in Sources */,
				781333BA2AA5255500A03398 /* RegistrationViewModel.swift in Sources */,
				781333AB2AA4F1C500A03398 /* EditProfileView.swift in Sources */,
				788872002AA27AEC00266F28 /* CreateThreadView.swift in Sources */,
				78CF58C92AA5FE67009A46EC /* ContentViewModel.swift in Sources */,
				788871F82AA27A1A00266F28 /* FeedView.swift in Sources */,
				7899383D2ADDD91200FA1044 /* ImageUploader.swift in Sources */,
				78A962482AEC5F3D00888BE9 /* ThreadService.swift in Sources */,
				78EDD2582AA658C700F9E76B /* CurrentUserProfileViewModel.swift in Sources */,
				781333A72AA3E19E00A03398 /* ProfileThreadFilter.swift in Sources */,
				78984A422AB4B772009E699E /* CurrentUserProfileView.swift in Sources */,
				78EDD2552AA657B000F9E76B /* UserService.swift in Sources */,
				781333BC2AA5262D00A03398 /* AuthService.swift in Sources */,
				78984A462AB5117A009E699E /* ProfileHeaderView.swift in Sources */,
				7899383B2ADDCB6800FA1044 /* EditProfileViewModel.swift in Sources */,
				788871FC2AA27AAE00266F28 /* ExploreView.swift in Sources */,
				7888720A2AA27B7B00266F28 /* ProfileView.swift in Sources */,
				78EDD2532AA6530400F9E76B /* User.swift in Sources */,
				78A962462AEC5F1800888BE9 /* CreateThreadViewModel.swift in Sources */,
				788871F12AA2444A00266F28 /* ThreadsButtonModifier.swift in Sources */,
				788871F42AA2783C00266F28 /* ThreadsTabView.swift in Sources */,
				78055ED12AED5C7C0029D87F /* Timestamp.swift in Sources */,
				78984A482AB512FD009E699E /* UserContentListView.swift in Sources */,
				788871EA2AA238BC00266F28 /* LoginView.swift in Sources */,
				781333A42AA3B7F700A03398 /* UserCell.swift in Sources */,
				781333A22AA3B69000A03398 /* ProfileImageView.swift in Sources */,
				7813339F2AA35D6D00A03398 /* ThreadCell.swift in Sources */,
				788871D42AA237CB00266F28 /* ContentView.swift in Sources */,
				788871EF2AA242BD00266F28 /* ThreadsTextFieldModifier.swift in Sources */,
				78EDD25D2AA7C03100F9E76B /* ExploreViewModel.swift in Sources */,
				78055ED62AED63E90029D87F /* AudioPlayer.swift in Sources */,
				788871D22AA237CB00266F28 /* ThreadsCloneApp.swift in Sources */,
				788871EC2AA2413300266F28 /* RegistrationView.swift in Sources */,
				78CF58CB2AA6045A009A46EC /* LoginViewModel.swift in Sources */,
				78EDD25F2AA7C3B400F9E76B /* PreviewProvider.swift in Sources */,
				78A962412AEC5DDB00888BE9 /* Thread.swift in Sources */,
				78055ECF2AED59630029D87F /* UserContentListViewModel.swift in Sources */,
			);
			runOnlyForDeploymentPostprocessing = 0;
		};
/* End PBXSourcesBuildPhase section */

/* Begin XCBuildConfiguration section */
		788871DA2AA237CC00266F28 /* Debug */ = {
			isa = XCBuildConfiguration;
			buildSettings = {
				ALWAYS_SEARCH_USER_PATHS = NO;
				CLANG_ANALYZER_NONNULL = YES;
				CLANG_ANALYZER_NUMBER_OBJECT_CONVERSION = YES_AGGRESSIVE;
				CLANG_CXX_LANGUAGE_STANDARD = "gnu++20";
				CLANG_ENABLE_MODULES = YES;
				CLANG_ENABLE_OBJC_ARC = YES;
				CLANG_ENABLE_OBJC_WEAK = YES;
				CLANG_WARN_BLOCK_CAPTURE_AUTORELEASING = YES;
				CLANG_WARN_BOOL_CONVERSION = YES;
				CLANG_WARN_COMMA = YES;
				CLANG_WARN_CONSTANT_CONVERSION = YES;
				CLANG_WARN_DEPRECATED_OBJC_IMPLEMENTATIONS = YES;
				CLANG_WARN_DIRECT_OBJC_ISA_USAGE = YES_ERROR;
				CLANG_WARN_DOCUMENTATION_COMMENTS = YES;
				CLANG_WARN_EMPTY_BODY = YES;
				CLANG_WARN_ENUM_CONVERSION = YES;
				CLANG_WARN_INFINITE_RECURSION = YES;
				CLANG_WARN_INT_CONVERSION = YES;
				CLANG_WARN_NON_LITERAL_NULL_CONVERSION = YES;
				CLANG_WARN_OBJC_IMPLICIT_RETAIN_SELF = YES;
				CLANG_WARN_OBJC_LITERAL_CONVERSION = YES;
				CLANG_WARN_OBJC_ROOT_CLASS = YES_ERROR;
				CLANG_WARN_QUOTED_INCLUDE_IN_FRAMEWORK_HEADER = YES;
				CLANG_WARN_RANGE_LOOP_ANALYSIS = YES;
				CLANG_WARN_STRICT_PROTOTYPES = YES;
				CLANG_WARN_SUSPICIOUS_MOVE = YES;
				CLANG_WARN_UNGUARDED_AVAILABILITY = YES_AGGRESSIVE;
				CLANG_WARN_UNREACHABLE_CODE = YES;
				CLANG_WARN__DUPLICATE_METHOD_MATCH = YES;
				COPY_PHASE_STRIP = NO;
				DEBUG_INFORMATION_FORMAT = dwarf;
				ENABLE_STRICT_OBJC_MSGSEND = YES;
				ENABLE_TESTABILITY = YES;
				GCC_C_LANGUAGE_STANDARD = gnu11;
				GCC_DYNAMIC_NO_PIC = NO;
				GCC_NO_COMMON_BLOCKS = YES;
				GCC_OPTIMIZATION_LEVEL = 0;
				GCC_PREPROCESSOR_DEFINITIONS = (
					"DEBUG=1",
					"$(inherited)",
				);
				GCC_WARN_64_TO_32_BIT_CONVERSION = YES;
				GCC_WARN_ABOUT_RETURN_TYPE = YES_ERROR;
				GCC_WARN_UNDECLARED_SELECTOR = YES;
				GCC_WARN_UNINITIALIZED_AUTOS = YES_AGGRESSIVE;
				GCC_WARN_UNUSED_FUNCTION = YES;
				GCC_WARN_UNUSED_VARIABLE = YES;
				IPHONEOS_DEPLOYMENT_TARGET = 16.4;
				MTL_ENABLE_DEBUG_INFO = INCLUDE_SOURCE;
				MTL_FAST_MATH = YES;
				ONLY_ACTIVE_ARCH = YES;
				SDKROOT = iphoneos;
				SWIFT_ACTIVE_COMPILATION_CONDITIONS = DEBUG;
				SWIFT_OPTIMIZATION_LEVEL = "-Onone";
			};
			name = Debug;
		};
		788871DB2AA237CC00266F28 /* Release */ = {
			isa = XCBuildConfiguration;
			buildSettings = {
				ALWAYS_SEARCH_USER_PATHS = NO;
				CLANG_ANALYZER_NONNULL = YES;
				CLANG_ANALYZER_NUMBER_OBJECT_CONVERSION = YES_AGGRESSIVE;
				CLANG_CXX_LANGUAGE_STANDARD = "gnu++20";
				CLANG_ENABLE_MODULES = YES;
				CLANG_ENABLE_OBJC_ARC = YES;
				CLANG_ENABLE_OBJC_WEAK = YES;
				CLANG_WARN_BLOCK_CAPTURE_AUTORELEASING = YES;
				CLANG_WARN_BOOL_CONVERSION = YES;
				CLANG_WARN_COMMA = YES;
				CLANG_WARN_CONSTANT_CONVERSION = YES;
				CLANG_WARN_DEPRECATED_OBJC_IMPLEMENTATIONS = YES;
				CLANG_WARN_DIRECT_OBJC_ISA_USAGE = YES_ERROR;
				CLANG_WARN_DOCUMENTATION_COMMENTS = YES;
				CLANG_WARN_EMPTY_BODY = YES;
				CLANG_WARN_ENUM_CONVERSION = YES;
				CLANG_WARN_INFINITE_RECURSION = YES;
				CLANG_WARN_INT_CONVERSION = YES;
				CLANG_WARN_NON_LITERAL_NULL_CONVERSION = YES;
				CLANG_WARN_OBJC_IMPLICIT_RETAIN_SELF = YES;
				CLANG_WARN_OBJC_LITERAL_CONVERSION = YES;
				CLANG_WARN_OBJC_ROOT_CLASS = YES_ERROR;
				CLANG_WARN_QUOTED_INCLUDE_IN_FRAMEWORK_HEADER = YES;
				CLANG_WARN_RANGE_LOOP_ANALYSIS = YES;
				CLANG_WARN_STRICT_PROTOTYPES = YES;
				CLANG_WARN_SUSPICIOUS_MOVE = YES;
				CLANG_WARN_UNGUARDED_AVAILABILITY = YES_AGGRESSIVE;
				CLANG_WARN_UNREACHABLE_CODE = YES;
				CLANG_WARN__DUPLICATE_METHOD_MATCH = YES;
				COPY_PHASE_STRIP = NO;
				DEBUG_INFORMATION_FORMAT = "dwarf-with-dsym";
				ENABLE_NS_ASSERTIONS = NO;
				ENABLE_STRICT_OBJC_MSGSEND = YES;
				GCC_C_LANGUAGE_STANDARD = gnu11;
				GCC_NO_COMMON_BLOCKS = YES;
				GCC_WARN_64_TO_32_BIT_CONVERSION = YES;
				GCC_WARN_ABOUT_RETURN_TYPE = YES_ERROR;
				GCC_WARN_UNDECLARED_SELECTOR = YES;
				GCC_WARN_UNINITIALIZED_AUTOS = YES_AGGRESSIVE;
				GCC_WARN_UNUSED_FUNCTION = YES;
				GCC_WARN_UNUSED_VARIABLE = YES;
				IPHONEOS_DEPLOYMENT_TARGET = 16.4;
				MTL_ENABLE_DEBUG_INFO = NO;
				MTL_FAST_MATH = YES;
				SDKROOT = iphoneos;
				SWIFT_COMPILATION_MODE = wholemodule;
				SWIFT_OPTIMIZATION_LEVEL = "-O";
				VALIDATE_PRODUCT = YES;
			};
			name = Release;
		};
		788871DD2AA237CC00266F28 /* Debug */ = {
			isa = XCBuildConfiguration;
			buildSettings = {
				ASSETCATALOG_COMPILER_APPICON_NAME = AppIcon;
				ASSETCATALOG_COMPILER_GLOBAL_ACCENT_COLOR_NAME = AccentColor;
				CODE_SIGN_STYLE = Automatic;
				CURRENT_PROJECT_VERSION = 1;
				DEVELOPMENT_ASSET_PATHS = "\"ThreadsClone/Preview Content\"";
				DEVELOPMENT_TEAM = TPWJ87TA8B;
				ENABLE_PREVIEWS = YES;
				GENERATE_INFOPLIST_FILE = YES;
				INFOPLIST_KEY_CFBundleDisplayName = Motsvi;
				INFOPLIST_KEY_UIApplicationSceneManifest_Generation = YES;
				INFOPLIST_KEY_UIApplicationSupportsIndirectInputEvents = YES;
				INFOPLIST_KEY_UILaunchScreen_Generation = YES;
				INFOPLIST_KEY_UISupportedInterfaceOrientations_iPad = "UIInterfaceOrientationPortrait UIInterfaceOrientationPortraitUpsideDown UIInterfaceOrientationLandscapeLeft UIInterfaceOrientationLandscapeRight";
				INFOPLIST_KEY_UISupportedInterfaceOrientations_iPhone = "UIInterfaceOrientationPortrait UIInterfaceOrientationLandscapeLeft UIInterfaceOrientationLandscapeRight";
				LD_RUNPATH_SEARCH_PATHS = (
					"$(inherited)",
					"@executable_path/Frameworks",
				);
				MARKETING_VERSION = 1.0;
				PRODUCT_BUNDLE_IDENTIFIER = com.kharatishvilix.ThreadsClone;
				PRODUCT_NAME = "$(TARGET_NAME)";
				SWIFT_EMIT_LOC_STRINGS = YES;
				SWIFT_VERSION = 5.0;
				TARGETED_DEVICE_FAMILY = "1,2";
			};
			name = Debug;
		};
		788871DE2AA237CC00266F28 /* Release */ = {
			isa = XCBuildConfiguration;
			buildSettings = {
				ASSETCATALOG_COMPILER_APPICON_NAME = AppIcon;
				ASSETCATALOG_COMPILER_GLOBAL_ACCENT_COLOR_NAME = AccentColor;
				CODE_SIGN_STYLE = Automatic;
				CURRENT_PROJECT_VERSION = 1;
				DEVELOPMENT_ASSET_PATHS = "\"ThreadsClone/Preview Content\"";
				DEVELOPMENT_TEAM = TPWJ87TA8B;
				ENABLE_PREVIEWS = YES;
				GENERATE_INFOPLIST_FILE = YES;
				INFOPLIST_KEY_CFBundleDisplayName = Motsvi;
				INFOPLIST_KEY_UIApplicationSceneManifest_Generation = YES;
				INFOPLIST_KEY_UIApplicationSupportsIndirectInputEvents = YES;
				INFOPLIST_KEY_UILaunchScreen_Generation = YES;
				INFOPLIST_KEY_UISupportedInterfaceOrientations_iPad = "UIInterfaceOrientationPortrait UIInterfaceOrientationPortraitUpsideDown UIInterfaceOrientationLandscapeLeft UIInterfaceOrientationLandscapeRight";
				INFOPLIST_KEY_UISupportedInterfaceOrientations_iPhone = "UIInterfaceOrientationPortrait UIInterfaceOrientationLandscapeLeft UIInterfaceOrientationLandscapeRight";
				LD_RUNPATH_SEARCH_PATHS = (
					"$(inherited)",
					"@executable_path/Frameworks",
				);
				MARKETING_VERSION = 1.0;
				PRODUCT_BUNDLE_IDENTIFIER = com.kharatishvilix.ThreadsClone;
				PRODUCT_NAME = "$(TARGET_NAME)";
				SWIFT_EMIT_LOC_STRINGS = YES;
				SWIFT_VERSION = 5.0;
				TARGETED_DEVICE_FAMILY = "1,2";
			};
			name = Release;
		};
/* End XCBuildConfiguration section */

/* Begin XCConfigurationList section */
		788871C92AA237CB00266F28 /* Build configuration list for PBXProject "ThreadsClone" */ = {
			isa = XCConfigurationList;
			buildConfigurations = (
				788871DA2AA237CC00266F28 /* Debug */,
				788871DB2AA237CC00266F28 /* Release */,
			);
			defaultConfigurationIsVisible = 0;
			defaultConfigurationName = Release;
		};
		788871DC2AA237CC00266F28 /* Build configuration list for PBXNativeTarget "ThreadsClone" */ = {
			isa = XCConfigurationList;
			buildConfigurations = (
				788871DD2AA237CC00266F28 /* Debug */,
				788871DE2AA237CC00266F28 /* Release */,
			);
			defaultConfigurationIsVisible = 0;
			defaultConfigurationName = Release;
		};
/* End XCConfigurationList section */

/* Begin XCRemoteSwiftPackageReference section */
		781333AE2AA5105E00A03398 /* XCRemoteSwiftPackageReference "firebase-ios-sdk" */ = {
			isa = XCRemoteSwiftPackageReference;
			repositoryURL = "https://github.com/firebase/firebase-ios-sdk";
			requirement = {
				kind = upToNextMajorVersion;
				minimumVersion = 10.0.0;
			};
		};
		78A9623D2AEC4D8C00888BE9 /* XCRemoteSwiftPackageReference "Kingfisher" */ = {
			isa = XCRemoteSwiftPackageReference;
			repositoryURL = "https://github.com/onevcat/Kingfisher.git";
			requirement = {
				kind = upToNextMajorVersion;
				minimumVersion = 7.9.1;
			};
		};
/* End XCRemoteSwiftPackageReference section */

/* Begin XCSwiftPackageProductDependency section */
		781333AF2AA5105E00A03398 /* FirebaseAuth */ = {
			isa = XCSwiftPackageProductDependency;
			package = 781333AE2AA5105E00A03398 /* XCRemoteSwiftPackageReference "firebase-ios-sdk" */;
			productName = FirebaseAuth;
		};
		781333B12AA5105E00A03398 /* FirebaseFirestore */ = {
			isa = XCSwiftPackageProductDependency;
			package = 781333AE2AA5105E00A03398 /* XCRemoteSwiftPackageReference "firebase-ios-sdk" */;
			productName = FirebaseFirestore;
		};
		781333B32AA5105E00A03398 /* FirebaseFirestoreSwift */ = {
			isa = XCSwiftPackageProductDependency;
			package = 781333AE2AA5105E00A03398 /* XCRemoteSwiftPackageReference "firebase-ios-sdk" */;
			productName = FirebaseFirestoreSwift;
		};
		781333B52AA5105E00A03398 /* FirebaseStorage */ = {
			isa = XCSwiftPackageProductDependency;
			package = 781333AE2AA5105E00A03398 /* XCRemoteSwiftPackageReference "firebase-ios-sdk" */;
			productName = FirebaseStorage;
		};
		78A9623E2AEC4D8C00888BE9 /* Kingfisher */ = {
			isa = XCSwiftPackageProductDependency;
			package = 78A9623D2AEC4D8C00888BE9 /* XCRemoteSwiftPackageReference "Kingfisher" */;
			productName = Kingfisher;
		};
/* End XCSwiftPackageProductDependency section */
	};
	rootObject = 788871C62AA237CB00266F28 /* Project object */;
}
